<?xml version="1.0" encoding="utf-8"?>
<Project ToolsVersion="4.0" xmlns="http://schemas.microsoft.com/developer/msbuild/2003">
  <ItemGroup>
    <Filter Include="Source Files">
      <UniqueIdentifier>{4FC737F1-C7A5-4376-A066-2A32D752A2FF}</UniqueIdentifier>
      <Extensions>cpp;c;cc;cxx;c++;cppm;ixx;def;odl;idl;hpj;bat;asm;asmx</Extensions>
    </Filter>
    <Filter Include="Header Files">
      <UniqueIdentifier>{93995380-89BD-4b04-88EB-625FBE52EBFB}</UniqueIdentifier>
      <Extensions>h;hh;hpp;hxx;h++;hm;inl;inc;ipp;xsd</Extensions>
    </Filter>
    <Filter Include="Resource Files">
      <UniqueIdentifier>{67DA6AB6-F800-4c08-8B7A-83BB121AAD01}</UniqueIdentifier>
      <Extensions>rc;ico;cur;bmp;dlg;rc2;rct;bin;rgs;gif;jpg;jpeg;jpe;resx;tiff;tif;png;wav;mfcribbon-ms</Extensions>
    </Filter>
    <Filter Include="Source Files\3rdparty">
      <UniqueIdentifier>{67276d4e-e4dc-48b9-b4cf-c6379f943f56}</UniqueIdentifier>
    </Filter>
    <Filter Include="Source Files\3rdparty\json">
      <UniqueIdentifier>{f9df911e-8e60-4f28-8b00-3106754c4766}</UniqueIdentifier>
    </Filter>
  </ItemGroup>
  <ItemGroup>
    <ClCompile Include="sources\args.cpp">
      <Filter>Source Files</Filter>
    </ClCompile>
    <ClCompile Include="sources\avx512conv.cpp">
      <Filter>Source Files</Filter>
    </ClCompile>
    <ClCompile Include="sources\avxconv.cpp">
      <Filter>Source Files</Filter>
    </ClCompile>
    <ClCompile Include="sources\baseconv.cpp">
      <Filter>Source Files</Filter>
    </ClCompile>
    <ClCompile Include="sources\jsonargs.cpp">
      <Filter>Source Files</Filter>
    </ClCompile>
    <ClCompile Include="sources\log.cpp">
      <Filter>Source Files</Filter>
    </ClCompile>
    <ClCompile Include="sources\main.cpp">
      <Filter>Source Files</Filter>
    </ClCompile>
    <ClCompile Include="sources\simpleconv.cpp">
      <Filter>Source Files</Filter>
    </ClCompile>
    <ClCompile Include="sources\sseconv.cpp">
      <Filter>Source Files</Filter>
    </ClCompile>
    <ClCompile Include="sources\utils.cpp">
      <Filter>Source Files</Filter>
    </ClCompile>
    <ClCompile Include="sources\updencoding.cpp">
      <Filter>Source Files</Filter>
    </ClCompile>
  </ItemGroup>
  <ItemGroup>
    <ClInclude Include="headers\args.h">
      <Filter>Header Files</Filter>
    </ClInclude>
    <ClInclude Include="headers\avx512conv.h">
      <Filter>Header Files</Filter>
    </ClInclude>
    <ClInclude Include="headers\avxconv.h">
      <Filter>Header Files</Filter>
    </ClInclude>
    <ClInclude Include="headers\baseconv.h">
      <Filter>Header Files</Filter>
    </ClInclude>
    <ClInclude Include="headers\consts.h">
      <Filter>Header Files</Filter>
    </ClInclude>
    <ClInclude Include="headers\errors.h">
      <Filter>Header Files</Filter>
    </ClInclude>
    <ClInclude Include="headers\jsonargs.h">
      <Filter>Header Files</Filter>
    </ClInclude>
    <ClInclude Include="headers\log.h">
      <Filter>Header Files</Filter>
    </ClInclude>
    <ClInclude Include="headers\simpleconv.h">
      <Filter>Header Files</Filter>
    </ClInclude>
    <ClInclude Include="headers\sseconv.h">
      <Filter>Header Files</Filter>
    </ClInclude>
    <ClInclude Include="headers\utils.h">
      <Filter>Header Files</Filter>
    </ClInclude>
    <ClInclude Include="headers\updencoding.h">
      <Filter>Header Files</Filter>
    </ClInclude>
  </ItemGroup>
</Project>